{
  "name": "pianosite",
  "version": "1.0.0",
  "lockfileVersion": 1,
  "requires": true,
  "dependencies": {
    "@types/webmidi": {
      "version": "2.0.4",
      "resolved": "https://registry.npmjs.org/@types/webmidi/-/webmidi-2.0.4.tgz",
      "integrity": "sha512-ouA837zUpSzURsUGvcnay6JwUz2B/UoJP3Lkacnz60y+rul8/auVOFS9LSO6v0gdNbGvRkbHEpayD8PbO7IKhw=="
    },
    "jazz-midi": {
      "version": "1.7.2",
      "resolved": "https://registry.npmjs.org/jazz-midi/-/jazz-midi-1.7.2.tgz",
      "integrity": "sha512-pBTGVBsyp7UgZnELes21nHkSyHp5r4AKdpR7B3LPhikT1QQ17o4zHISDKk3Xsoi9iIJRp/8rMzOMmxPVADQXnA=="
    },
    "jquery": {
      "version": "3.5.0",
      "resolved": "https://registry.npmjs.org/jquery/-/jquery-3.5.0.tgz",
      "integrity": "sha512-Xb7SVYMvygPxbFMpTFQiHh1J7HClEaThguL15N/Gg37Lri/qKyhRGZYzHRyLH8Stq3Aow0LsHO2O2ci86fCrNQ=="
    },
    "jzz": {
      "version": "1.0.1",
      "resolved": "https://registry.npmjs.org/jzz/-/jzz-1.0.1.tgz",
      "integrity": "sha512-LHyJPdgGohKZIy8Ir7QYgnZTFVaBlZaDUYesO7Qgg2fB33bhYArUM7WQT9FNSczH2K53DELf2NJUOxa9Abdt2g==",
      "requires": {
        "@types/webmidi": "^2.0.4",
        "jazz-midi": "^1.7.2"
      }
    },
    "web-midi-api": {
      "version": "2.0.7",
      "resolved": "https://registry.npmjs.org/web-midi-api/-/web-midi-api-2.0.7.tgz",
      "integrity": "sha512-/tx1aNuPu6dYOOfn5q+ttU1uJAQZAm4xzr3xDM9WpjE5UzjD7UCW7NiWKl+YLtUxR30MxO8nt0ey9914/GcCVA==",
      "requires": {
        "jzz": "^1.0.0"
      }
    }
  }
}
